
Microsoft Visual Studio Solution File, Format Version 12.00
# Visual Studio Version 17
VisualStudioVersion = 17.6.33829.357
MinimumVisualStudioVersion = 10.0.40219.1
Project("{FAE04EC0-301F-11D3-BF4B-00C04F79EFBC}") = "11.1", "11.1\11.1.csproj", "{331767B1-2AF8-4412-8F31-6A0C2C1126B1}"
EndProject
Global
	GlobalSection(SolutionConfigurationPlatforms) = preSolution
		Debug|Any CPU = Debug|Any CPU
		Release|Any CPU = Release|Any CPU
	EndGlobalSection
	GlobalSection(ProjectConfigurationPlatforms) = postSolution
		{331767B1-2AF8-4412-8F31-6A0C2C1126B1}.Debug|Any CPU.ActiveCfg = Debug|Any CPU
		{331767B1-2AF8-4412-8F31-6A0C2C1126B1}.Debug|Any CPU.Build.0 = Debug|Any CPU
		{331767B1-2AF8-4412-8F31-6A0C2C1126B1}.Release|Any CPU.ActiveCfg = Release|Any CPU
		{331767B1-2AF8-4412-8F31-6A0C2C1126B1}.Release|Any CPU.Build.0 = Release|Any CPU
	EndGlobalSection
	GlobalSection(SolutionProperties) = preSolution
		HideSolutionNode = FALSE
	EndGlobalSection
	GlobalSection(ExtensibilityGlobals) = postSolution
		SolutionGuid = {8B6C77D6-260B-4F5F-8312-AB2A2AF1FEF3}
	EndGlobalSection
EndGlobal
